// !$*UTF8*$!
{
	archiveVersion = 1;
	classes = {
	};
	objectVersion = 50;
	objects = {

/* Begin PBXBuildFile section */
		C27D44FE2370493000581DC0 /* AppDelegate.swift in Sources */ = {isa = PBXBuildFile; fileRef = C27D44FD2370493000581DC0 /* AppDelegate.swift */; };
		C27D45002370493000581DC0 /* ViewController.swift in Sources */ = {isa = PBXBuildFile; fileRef = C27D44FF2370493000581DC0 /* ViewController.swift */; };
		C27D45032370493000581DC0 /* Main.storyboard in Resources */ = {isa = PBXBuildFile; fileRef = C27D45012370493000581DC0 /* Main.storyboard */; };
		C27D45052370493100581DC0 /* Assets.xcassets in Resources */ = {isa = PBXBuildFile; fileRef = C27D45042370493100581DC0 /* Assets.xcassets */; };
		C27D45082370493100581DC0 /* LaunchScreen.storyboard in Resources */ = {isa = PBXBuildFile; fileRef = C27D45062370493100581DC0 /* LaunchScreen.storyboard */; };
		C27D45132370493100581DC0 /* demoTests.swift in Sources */ = {isa = PBXBuildFile; fileRef = C27D45122370493100581DC0 /* demoTests.swift */; };
		C27D451E2370493100581DC0 /* demoUITests.swift in Sources */ = {isa = PBXBuildFile; fileRef = C27D451D2370493100581DC0 /* demoUITests.swift */; };
		C27D452C2370496B00581DC0 /* InitialModel.swift in Sources */ = {isa = PBXBuildFile; fileRef = C27D452B2370496B00581DC0 /* InitialModel.swift */; };
		C27D452E2370497300581DC0 /* InitialViewController.swift in Sources */ = {isa = PBXBuildFile; fileRef = C27D452D2370497300581DC0 /* InitialViewController.swift */; };
		C27D453023704A7300581DC0 /* demoMockTest.swift in Sources */ = {isa = PBXBuildFile; fileRef = C27D452F23704A7300581DC0 /* demoMockTest.swift */; };
/* End PBXBuildFile section */

/* Begin PBXContainerItemProxy section */
		C27D450F2370493100581DC0 /* PBXContainerItemProxy */ = {
			isa = PBXContainerItemProxy;
			containerPortal = C27D44F22370493000581DC0 /* Project object */;
			proxyType = 1;
			remoteGlobalIDString = C27D44F92370493000581DC0;
			remoteInfo = demo;
		};
		C27D451A2370493100581DC0 /* PBXContainerItemProxy */ = {
			isa = PBXContainerItemProxy;
			containerPortal = C27D44F22370493000581DC0 /* Project object */;
			proxyType = 1;
			remoteGlobalIDString = C27D44F92370493000581DC0;
			remoteInfo = demo;
		};
/* End PBXContainerItemProxy section */

/* Begin PBXFileReference section */
		C27D44FA2370493000581DC0 /* demo.app */ = {isa = PBXFileReference; explicitFileType = wrapper.application; includeInIndex = 0; path = demo.app; sourceTree = BUILT_PRODUCTS_DIR; };
		C27D44FD2370493000581DC0 /* AppDelegate.swift */ = {isa = PBXFileReference; lastKnownFileType = sourcecode.swift; path = AppDelegate.swift; sourceTree = "<group>"; };
		C27D44FF2370493000581DC0 /* ViewController.swift */ = {isa = PBXFileReference; lastKnownFileType = sourcecode.swift; path = ViewController.swift; sourceTree = "<group>"; };
		C27D45022370493000581DC0 /* Base */ = {isa = PBXFileReference; lastKnownFileType = file.storyboard; name = Base; path = Base.lproj/Main.storyboard; sourceTree = "<group>"; };
		C27D45042370493100581DC0 /* Assets.xcassets */ = {isa = PBXFileReference; lastKnownFileType = folder.assetcatalog; path = Assets.xcassets; sourceTree = "<group>"; };
		C27D45072370493100581DC0 /* Base */ = {isa = PBXFileReference; lastKnownFileType = file.storyboard; name = Base; path = Base.lproj/LaunchScreen.storyboard; sourceTree = "<group>"; };
		C27D45092370493100581DC0 /* Info.plist */ = {isa = PBXFileReference; lastKnownFileType = text.plist.xml; path = Info.plist; sourceTree = "<group>"; };
		C27D450E2370493100581DC0 /* demoTests.xctest */ = {isa = PBXFileReference; explicitFileType = wrapper.cfbundle; includeInIndex = 0; path = demoTests.xctest; sourceTree = BUILT_PRODUCTS_DIR; };
		C27D45122370493100581DC0 /* demoTests.swift */ = {isa = PBXFileReference; lastKnownFileType = sourcecode.swift; path = demoTests.swift; sourceTree = "<group>"; };
		C27D45142370493100581DC0 /* Info.plist */ = {isa = PBXFileReference; lastKnownFileType = text.plist.xml; path = Info.plist; sourceTree = "<group>"; };
		C27D45192370493100581DC0 /* demoUITests.xctest */ = {isa = PBXFileReference; explicitFileType = wrapper.cfbundle; includeInIndex = 0; path = demoUITests.xctest; sourceTree = BUILT_PRODUCTS_DIR; };
		C27D451D2370493100581DC0 /* demoUITests.swift */ = {isa = PBXFileReference; lastKnownFileType = sourcecode.swift; path = demoUITests.swift; sourceTree = "<group>"; };
		C27D451F2370493100581DC0 /* Info.plist */ = {isa = PBXFileReference; lastKnownFileType = text.plist.xml; path = Info.plist; sourceTree = "<group>"; };
		C27D452B2370496B00581DC0 /* InitialModel.swift */ = {isa = PBXFileReference; fileEncoding = 4; lastKnownFileType = sourcecode.swift; path = InitialModel.swift; sourceTree = "<group>"; };
		C27D452D2370497300581DC0 /* InitialViewController.swift */ = {isa = PBXFileReference; fileEncoding = 4; lastKnownFileType = sourcecode.swift; path = InitialViewController.swift; sourceTree = "<group>"; };
		C27D452F23704A7300581DC0 /* demoMockTest.swift */ = {isa = PBXFileReference; lastKnownFileType = sourcecode.swift; path = demoMockTest.swift; sourceTree = SOURCE_ROOT; };
/* End PBXFileReference section */

/* Begin PBXFrameworksBuildPhase section */
		C27D44F72370493000581DC0 /* Frameworks */ = {
			isa = PBXFrameworksBuildPhase;
			buildActionMask = 2147483647;
			files = (
			);
			runOnlyForDeploymentPostprocessing = 0;
		};
		C27D450B2370493100581DC0 /* Frameworks */ = {
			isa = PBXFrameworksBuildPhase;
			buildActionMask = 2147483647;
			files = (
			);
			runOnlyForDeploymentPostprocessing = 0;
		};
		C27D45162370493100581DC0 /* Frameworks */ = {
			isa = PBXFrameworksBuildPhase;
			buildActionMask = 2147483647;
			files = (
			);
			runOnlyForDeploymentPostprocessing = 0;
		};
/* End PBXFrameworksBuildPhase section */

/* Begin PBXGroup section */
		C27D44F12370493000581DC0 = {
			isa = PBXGroup;
			children = (
				C27D44FC2370493000581DC0 /* demo */,
				C27D45112370493100581DC0 /* demoTests */,
				C27D451C2370493100581DC0 /* demoUITests */,
				C27D44FB2370493000581DC0 /* Products */,
			);
			sourceTree = "<group>";
		};
		C27D44FB2370493000581DC0 /* Products */ = {
			isa = PBXGroup;
			children = (
				C27D44FA2370493000581DC0 /* demo.app */,
				C27D450E2370493100581DC0 /* demoTests.xctest */,
				C27D45192370493100581DC0 /* demoUITests.xctest */,
			);
			name = Products;
			sourceTree = "<group>";
		};
		C27D44FC2370493000581DC0 /* demo */ = {
			isa = PBXGroup;
			children = (
				C27D44FD2370493000581DC0 /* AppDelegate.swift */,
				C27D44FF2370493000581DC0 /* ViewController.swift */,
				C27D452D2370497300581DC0 /* InitialViewController.swift */,
				C27D45012370493000581DC0 /* Main.storyboard */,
				C27D452B2370496B00581DC0 /* InitialModel.swift */,
				C27D45042370493100581DC0 /* Assets.xcassets */,
				C27D45062370493100581DC0 /* LaunchScreen.storyboard */,
				C27D45092370493100581DC0 /* Info.plist */,
			);
			path = demo;
			sourceTree = "<group>";
		};
		C27D45112370493100581DC0 /* demoTests */ = {
			isa = PBXGroup;
			children = (
				C27D45122370493100581DC0 /* demoTests.swift */,
				C27D452F23704A7300581DC0 /* demoMockTest.swift */,
				C27D45142370493100581DC0 /* Info.plist */,
			);
			path = demoTests;
			sourceTree = "<group>";
		};
		C27D451C2370493100581DC0 /* demoUITests */ = {
			isa = PBXGroup;
			children = (
				C27D451D2370493100581DC0 /* demoUITests.swift */,
				C27D451F2370493100581DC0 /* Info.plist */,
			);
			path = demoUITests;
			sourceTree = "<group>";
		};
/* End PBXGroup section */

/* Begin PBXNativeTarget section */
		C27D44F92370493000581DC0 /* demo */ = {
			isa = PBXNativeTarget;
			buildConfigurationList = C27D45222370493100581DC0 /* Build configuration list for PBXNativeTarget "demo" */;
			buildPhases = (
				C27D44F62370493000581DC0 /* Sources */,
				C27D44F72370493000581DC0 /* Frameworks */,
				C27D44F82370493000581DC0 /* Resources */,
			);
			buildRules = (
			);
			dependencies = (
			);
			name = demo;
			productName = demo;
			productReference = C27D44FA2370493000581DC0 /* demo.app */;
			productType = "com.apple.product-type.application";
		};
		C27D450D2370493100581DC0 /* demoTests */ = {
			isa = PBXNativeTarget;
			buildConfigurationList = C27D45252370493100581DC0 /* Build configuration list for PBXNativeTarget "demoTests" */;
			buildPhases = (
				C27D450A2370493100581DC0 /* Sources */,
				C27D450B2370493100581DC0 /* Frameworks */,
				C27D450C2370493100581DC0 /* Resources */,
			);
			buildRules = (
			);
			dependencies = (
				C27D45102370493100581DC0 /* PBXTargetDependency */,
			);
			name = demoTests;
			productName = demoTests;
			productReference = C27D450E2370493100581DC0 /* demoTests.xctest */;
			productType = "com.apple.product-type.bundle.unit-test";
		};
		C27D45182370493100581DC0 /* demoUITests */ = {
			isa = PBXNativeTarget;
			buildConfigurationList = C27D45282370493100581DC0 /* Build configuration list for PBXNativeTarget "demoUITests" */;
			buildPhases = (
				C27D45152370493100581DC0 /* Sources */,
				C27D45162370493100581DC0 /* Frameworks */,
				C27D45172370493100581DC0 /* Resources */,
			);
			buildRules = (
			);
			dependencies = (
				C27D451B2370493100581DC0 /* PBXTargetDependency */,
			);
			name = demoUITests;
			productName = demoUITests;
			productReference = C27D45192370493100581DC0 /* demoUITests.xctest */;
			productType = "com.apple.product-type.bundle.ui-testing";
		};
/* End PBXNativeTarget section */

/* Begin PBXProject section */
		C27D44F22370493000581DC0 /* Project object */ = {
			isa = PBXProject;
			attributes = {
				LastSwiftUpdateCheck = 1030;
				LastUpgradeCheck = 1030;
				ORGANIZATIONNAME = "Rahul Sharma";
				TargetAttributes = {
					C27D44F92370493000581DC0 = {
						CreatedOnToolsVersion = 10.3;
					};
					C27D450D2370493100581DC0 = {
						CreatedOnToolsVersion = 10.3;
						TestTargetID = C27D44F92370493000581DC0;
					};
					C27D45182370493100581DC0 = {
						CreatedOnToolsVersion = 10.3;
						TestTargetID = C27D44F92370493000581DC0;
					};
				};
			};
			buildConfigurationList = C27D44F52370493000581DC0 /* Build configuration list for PBXProject "demo" */;
			compatibilityVersion = "Xcode 9.3";
			developmentRegion = en;
			hasScannedForEncodings = 0;
			knownRegions = (
				en,
				Base,
			);
			mainGroup = C27D44F12370493000581DC0;
			productRefGroup = C27D44FB2370493000581DC0 /* Products */;
			projectDirPath = "";
			projectRoot = "";
			targets = (
				C27D44F92370493000581DC0 /* demo */,
				C27D450D2370493100581DC0 /* demoTests */,
				C27D45182370493100581DC0 /* demoUITests */,
			);
		};
/* End PBXProject section */

/* Begin PBXResourcesBuildPhase section */
		C27D44F82370493000581DC0 /* Resources */ = {
			isa = PBXResourcesBuildPhase;
			buildActionMask = 2147483647;
			files = (
				C27D45082370493100581DC0 /* LaunchScreen.storyboard in Resources */,
				C27D45052370493100581DC0 /* Assets.xcassets in Resources */,
				C27D45032370493000581DC0 /* Main.storyboard in Resources */,
			);
			runOnlyForDeploymentPostprocessing = 0;
		};
		C27D450C2370493100581DC0 /* Resources */ = {
			isa = PBXResourcesBuildPhase;
			buildActionMask = 2147483647;
			files = (
			);
			runOnlyForDeploymentPostprocessing = 0;
		};
		C27D45172370493100581DC0 /* Resources */ = {
			isa = PBXResourcesBuildPhase;
			buildActionMask = 2147483647;
			files = (
			);
			runOnlyForDeploymentPostprocessing = 0;
		};
/* End PBXResourcesBuildPhase section */

/* Begin PBXSourcesBuildPhase section */
		C27D44F62370493000581DC0 /* Sources */ = {
			isa = PBXSourcesBuildPhase;
			buildActionMask = 2147483647;
			files = (
				C27D452C2370496B00581DC0 /* InitialModel.swift in Sources */,
				C27D45002370493000581DC0 /* ViewController.swift in Sources */,
				C27D44FE2370493000581DC0 /* AppDelegate.swift in Sources */,
				C27D452E2370497300581DC0 /* InitialViewController.swift in Sources */,
			);
			runOnlyForDeploymentPostprocessing = 0;
		};
		C27D450A2370493100581DC0 /* Sources */ = {
			isa = PBXSourcesBuildPhase;
			buildActionMask = 2147483647;
			files = (
				C27D453023704A7300581DC0 /* demoMockTest.swift in Sources */,
				C27D45132370493100581DC0 /* demoTests.swift in Sources */,
			);
			runOnlyForDeploymentPostprocessing = 0;
		};
		C27D45152370493100581DC0 /* Sources */ = {
			isa = PBXSourcesBuildPhase;
			buildActionMask = 2147483647;
			files = (
				C27D451E2370493100581DC0 /* demoUITests.swift in Sources */,
			);
			runOnlyForDeploymentPostprocessing = 0;
		};
/* End PBXSourcesBuildPhase section */

/* Begin PBXTargetDependency section */
		C27D45102370493100581DC0 /* PBXTargetDependency */ = {
			isa = PBXTargetDependency;
			target = C27D44F92370493000581DC0 /* demo */;
			targetProxy = C27D450F2370493100581DC0 /* PBXContainerItemProxy */;
		};
		C27D451B2370493100581DC0 /* PBXTargetDependency */ = {
			isa = PBXTargetDependency;
			target = C27D44F92370493000581DC0 /* demo */;
			targetProxy = C27D451A2370493100581DC0 /* PBXContainerItemProxy */;
		};
/* End PBXTargetDependency section */

/* Begin PBXVariantGroup section */
		C27D45012370493000581DC0 /* Main.storyboard */ = {
			isa = PBXVariantGroup;
			children = (
				C27D45022370493000581DC0 /* Base */,
			);
			name = Main.storyboard;
			sourceTree = "<group>";
		};
		C27D45062370493100581DC0 /* LaunchScreen.storyboard */ = {
			isa = PBXVariantGroup;
			children = (
				C27D45072370493100581DC0 /* Base */,
			);
			name = LaunchScreen.storyboard;
			sourceTree = "<group>";
		};
/* End PBXVariantGroup section */

/* Begin XCBuildConfiguration section */
		C27D45202370493100581DC0 /* Debug */ = {
			isa = XCBuildConfiguration;
			buildSettings = {
				ALWAYS_SEARCH_USER_PATHS = NO;
				CLANG_ANALYZER_NONNULL = YES;
				CLANG_ANALYZER_NUMBER_OBJECT_CONVERSION = YES_AGGRESSIVE;
				CLANG_CXX_LANGUAGE_STANDARD = "gnu++14";
				CLANG_CXX_LIBRARY = "libc++";
				CLANG_ENABLE_MODULES = YES;
				CLANG_ENABLE_OBJC_ARC = YES;
				CLANG_ENABLE_OBJC_WEAK = YES;
				CLANG_WARN_BLOCK_CAPTURE_AUTORELEASING = YES;
				CLANG_WARN_BOOL_CONVERSION = YES;
				CLANG_WARN_COMMA = YES;
				CLANG_WARN_CONSTANT_CONVERSION = YES;
				CLANG_WARN_DEPRECATED_OBJC_IMPLEMENTATIONS = YES;
				CLANG_WARN_DIRECT_OBJC_ISA_USAGE = YES_ERROR;
				CLANG_WARN_DOCUMENTATION_COMMENTS = YES;
				CLANG_WARN_EMPTY_BODY = YES;
				CLANG_WARN_ENUM_CONVERSION = YES;
				CLANG_WARN_INFINITE_RECURSION = YES;
				CLANG_WARN_INT_CONVERSION = YES;
				CLANG_WARN_NON_LITERAL_NULL_CONVERSION = YES;
				CLANG_WARN_OBJC_IMPLICIT_RETAIN_SELF = YES;
				CLANG_WARN_OBJC_LITERAL_CONVERSION = YES;
				CLANG_WARN_OBJC_ROOT_CLASS = YES_ERROR;
				CLANG_WARN_RANGE_LOOP_ANALYSIS = YES;
				CLANG_WARN_STRICT_PROTOTYPES = YES;
				CLANG_WARN_SUSPICIOUS_MOVE = YES;
				CLANG_WARN_UNGUARDED_AVAILABILITY = YES_AGGRESSIVE;
				CLANG_WARN_UNREACHABLE_CODE = YES;
				CLANG_WARN__DUPLICATE_METHOD_MATCH = YES;
				CODE_SIGN_IDENTITY = "iPhone Developer";
				COPY_PHASE_STRIP = NO;
				DEBUG_INFORMATION_FORMAT = dwarf;
				ENABLE_STRICT_OBJC_MSGSEND = YES;
				ENABLE_TESTABILITY = YES;
				GCC_C_LANGUAGE_STANDARD = gnu11;
				GCC_DYNAMIC_NO_PIC = NO;
				GCC_NO_COMMON_BLOCKS = YES;
				GCC_OPTIMIZATION_LEVEL = 0;
				GCC_PREPROCESSOR_DEFINITIONS = (
					"DEBUG=1",
					"$(inherited)",
				);
				GCC_WARN_64_TO_32_BIT_CONVERSION = YES;
				GCC_WARN_ABOUT_RETURN_TYPE = YES_ERROR;
				GCC_WARN_UNDECLARED_SELECTOR = YES;
				GCC_WARN_UNINITIALIZED_AUTOS = YES_AGGRESSIVE;
				GCC_WARN_UNUSED_FUNCTION = YES;
				GCC_WARN_UNUSED_VARIABLE = YES;
				IPHONEOS_DEPLOYMENT_TARGET = 12.4;
				MTL_ENABLE_DEBUG_INFO = INCLUDE_SOURCE;
				MTL_FAST_MATH = YES;
				ONLY_ACTIVE_ARCH = YES;
				SDKROOT = iphoneos;
				SWIFT_ACTIVE_COMPILATION_CONDITIONS = DEBUG;
				SWIFT_OPTIMIZATION_LEVEL = "-Onone";
			};
			name = Debug;
		};
		C27D45212370493100581DC0 /* Release */ = {
			isa = XCBuildConfiguration;
			buildSettings = {
				ALWAYS_SEARCH_USER_PATHS = NO;
				CLANG_ANALYZER_NONNULL = YES;
				CLANG_ANALYZER_NUMBER_OBJECT_CONVERSION = YES_AGGRESSIVE;
				CLANG_CXX_LANGUAGE_STANDARD = "gnu++14";
				CLANG_CXX_LIBRARY = "libc++";
				CLANG_ENABLE_MODULES = YES;
				CLANG_ENABLE_OBJC_ARC = YES;
				CLANG_ENABLE_OBJC_WEAK = YES;
				CLANG_WARN_BLOCK_CAPTURE_AUTORELEASING = YES;
				CLANG_WARN_BOOL_CONVERSION = YES;
				CLANG_WARN_COMMA = YES;
				CLANG_WARN_CONSTANT_CONVERSION = YES;
				CLANG_WARN_DEPRECATED_OBJC_IMPLEMENTATIONS = YES;
				CLANG_WARN_DIRECT_OBJC_ISA_USAGE = YES_ERROR;
				CLANG_WARN_DOCUMENTATION_COMMENTS = YES;
				CLANG_WARN_EMPTY_BODY = YES;
				CLANG_WARN_ENUM_CONVERSION = YES;
				CLANG_WARN_INFINITE_RECURSION = YES;
				CLANG_WARN_INT_CONVERSION = YES;
				CLANG_WARN_NON_LITERAL_NULL_CONVERSION = YES;
				CLANG_WARN_OBJC_IMPLICIT_RETAIN_SELF = YES;
				CLANG_WARN_OBJC_LITERAL_CONVERSION = YES;
				CLANG_WARN_OBJC_ROOT_CLASS = YES_ERROR;
				CLANG_WARN_RANGE_LOOP_ANALYSIS = YES;
				CLANG_WARN_STRICT_PROTOTYPES = YES;
				CLANG_WARN_SUSPICIOUS_MOVE = YES;
				CLANG_WARN_UNGUARDED_AVAILABILITY = YES_AGGRESSIVE;
				CLANG_WARN_UNREACHABLE_CODE = YES;
				CLANG_WARN__DUPLICATE_METHOD_MATCH = YES;
				CODE_SIGN_IDENTITY = "iPhone Developer";
				COPY_PHASE_STRIP = NO;
				DEBUG_INFORMATION_FORMAT = "dwarf-with-dsym";
				ENABLE_NS_ASSERTIONS = NO;
				ENABLE_STRICT_OBJC_MSGSEND = YES;
				GCC_C_LANGUAGE_STANDARD = gnu11;
				GCC_NO_COMMON_BLOCKS = YES;
				GCC_WARN_64_TO_32_BIT_CONVERSION = YES;
				GCC_WARN_ABOUT_RETURN_TYPE = YES_ERROR;
				GCC_WARN_UNDECLARED_SELECTOR = YES;
				GCC_WARN_UNINITIALIZED_AUTOS = YES_AGGRESSIVE;
				GCC_WARN_UNUSED_FUNCTION = YES;
				GCC_WARN_UNUSED_VARIABLE = YES;
				IPHONEOS_DEPLOYMENT_TARGET = 12.4;
				MTL_ENABLE_DEBUG_INFO = NO;
				MTL_FAST_MATH = YES;
				SDKROOT = iphoneos;
				SWIFT_COMPILATION_MODE = wholemodule;
				SWIFT_OPTIMIZATION_LEVEL = "-O";
				VALIDATE_PRODUCT = YES;
			};
			name = Release;
		};
		C27D45232370493100581DC0 /* Debug */ = {
			isa = XCBuildConfiguration;
			buildSettings = {
				ASSETCATALOG_COMPILER_APPICON_NAME = AppIcon;
				CODE_SIGN_IDENTITY = "iPhone Distribution";
				CODE_SIGN_STYLE = Manual;
				DEVELOPMENT_TEAM = 5A693V6KR5;
				INFOPLIST_FILE = demo/Info.plist;
				LD_RUNPATH_SEARCH_PATHS = (
					"$(inherited)",
					"@executable_path/Frameworks",
				);
				PRODUCT_BUNDLE_IDENTIFIER = com.3embed.demo;
				PRODUCT_NAME = "$(TARGET_NAME)";
				PROVISIONING_PROFILE_SPECIFIER = demo_dist_provisioning;
				SWIFT_VERSION = 5.0;
				TARGETED_DEVICE_FAMILY = "1,2";
			};
			name = Debug;
		};
		C27D45242370493100581DC0 /* Release */ = {
			isa = XCBuildConfiguration;
			buildSettings = {
				ASSETCATALOG_COMPILER_APPICON_NAME = AppIcon;
				CODE_SIGN_IDENTITY = "iPhone Distribution";
				CODE_SIGN_STYLE = Manual;
				DEVELOPMENT_TEAM = 5A693V6KR5;
				INFOPLIST_FILE = demo/Info.plist;
				LD_RUNPATH_SEARCH_PATHS = (
					"$(inherited)",
					"@executable_path/Frameworks",
				);
				PRODUCT_BUNDLE_IDENTIFIER = com.3embed.demo;
				PRODUCT_NAME = "$(TARGET_NAME)";
				PROVISIONING_PROFILE_SPECIFIER = demo_dist_provisioning;
				SWIFT_VERSION = 5.0;
				TARGETED_DEVICE_FAMILY = "1,2";
			};
			name = Release;
		};
		C27D45262370493100581DC0 /* Debug */ = {
			isa = XCBuildConfiguration;
			buildSettings = {
				ALWAYS_EMBED_SWIFT_STANDARD_LIBRARIES = YES;
				BUNDLE_LOADER = "$(TEST_HOST)";
				CODE_SIGN_STYLE = Automatic;
				DEVELOPMENT_TEAM = 5A693V6KR5;
				INFOPLIST_FILE = demoTests/Info.plist;
				LD_RUNPATH_SEARCH_PATHS = (
					"$(inherited)",
					"@executable_path/Frameworks",
					"@loader_path/Frameworks",
				);
				PRODUCT_BUNDLE_IDENTIFIER = com.3embed.demoTests;
				PRODUCT_NAME = "$(TARGET_NAME)";
				SWIFT_VERSION = 5.0;
				TARGETED_DEVICE_FAMILY = "1,2";
				TEST_HOST = "$(BUILT_PRODUCTS_DIR)/demo.app/demo";
			};
			name = Debug;
		};
		C27D45272370493100581DC0 /* Release */ = {
			isa = XCBuildConfiguration;
			buildSettings = {
				ALWAYS_EMBED_SWIFT_STANDARD_LIBRARIES = YES;
				BUNDLE_LOADER = "$(TEST_HOST)";
				CODE_SIGN_STYLE = Automatic;
				DEVELOPMENT_TEAM = 5A693V6KR5;
				INFOPLIST_FILE = demoTests/Info.plist;
				LD_RUNPATH_SEARCH_PATHS = (
					"$(inherited)",
					"@executable_path/Frameworks",
					"@loader_path/Frameworks",
				);
				PRODUCT_BUNDLE_IDENTIFIER = com.3embed.demoTests;
				PRODUCT_NAME = "$(TARGET_NAME)";
				SWIFT_VERSION = 5.0;
				TARGETED_DEVICE_FAMILY = "1,2";
				TEST_HOST = "$(BUILT_PRODUCTS_DIR)/demo.app/demo";
			};
			name = Release;
		};
		C27D45292370493100581DC0 /* Debug */ = {
			isa = XCBuildConfiguration;
			buildSettings = {
				ALWAYS_EMBED_SWIFT_STANDARD_LIBRARIES = YES;
				CODE_SIGN_STYLE = Automatic;
				DEVELOPMENT_TEAM = 5A693V6KR5;
				INFOPLIST_FILE = demoUITests/Info.plist;
				LD_RUNPATH_SEARCH_PATHS = (
					"$(inherited)",
					"@executable_path/Frameworks",
					"@loader_path/Frameworks",
				);
				PRODUCT_BUNDLE_IDENTIFIER = com.3embed.demoUITests;
				PRODUCT_NAME = "$(TARGET_NAME)";
				SWIFT_VERSION = 5.0;
				TARGETED_DEVICE_FAMILY = "1,2";
				TEST_TARGET_NAME = demo;
			};
			name = Debug;
		};
		C27D452A2370493100581DC0 /* Release */ = {
			isa = XCBuildConfiguration;
			buildSettings = {
				ALWAYS_EMBED_SWIFT_STANDARD_LIBRARIES = YES;
				CODE_SIGN_STYLE = Automatic;
				DEVELOPMENT_TEAM = 5A693V6KR5;
				INFOPLIST_FILE = demoUITests/Info.plist;
				LD_RUNPATH_SEARCH_PATHS = (
					"$(inherited)",
					"@executable_path/Frameworks",
					"@loader_path/Frameworks",
				);
				PRODUCT_BUNDLE_IDENTIFIER = com.3embed.demoUITests;
				PRODUCT_NAME = "$(TARGET_NAME)";
				SWIFT_VERSION = 5.0;
				TARGETED_DEVICE_FAMILY = "1,2";
				TEST_TARGET_NAME = demo;
			};
			name = Release;
		};
/* End XCBuildConfiguration section */

/* Begin XCConfigurationList section */
		C27D44F52370493000581DC0 /* Build configuration list for PBXProject "demo" */ = {
			isa = XCConfigurationList;
			buildConfigurations = (
				C27D45202370493100581DC0 /* Debug */,
				C27D45212370493100581DC0 /* Release */,
			);
			defaultConfigurationIsVisible = 0;
			defaultConfigurationName = Release;
		};
		C27D45222370493100581DC0 /* Build configuration list for PBXNativeTarget "demo" */ = {
			isa = XCConfigurationList;
			buildConfigurations = (
				C27D45232370493100581DC0 /* Debug */,
				C27D45242370493100581DC0 /* Release */,
			);
			defaultConfigurationIsVisible = 0;
			defaultConfigurationName = Release;
		};
		C27D45252370493100581DC0 /* Build configuration list for PBXNativeTarget "demoTests" */ = {
			isa = XCConfigurationList;
			buildConfigurations = (
				C27D45262370493100581DC0 /* Debug */,
				C27D45272370493100581DC0 /* Release */,
			);
			defaultConfigurationIsVisible = 0;
			defaultConfigurationName = Release;
		};
		C27D45282370493100581DC0 /* Build configuration list for PBXNativeTarget "demoUITests" */ = {
			isa = XCConfigurationList;
			buildConfigurations = (
				C27D45292370493100581DC0 /* Debug */,
				C27D452A2370493100581DC0 /* Release */,
			);
			defaultConfigurationIsVisible = 0;
			defaultConfigurationName = Release;
		};
/* End XCConfigurationList section */
	};
	rootObject = C27D44F22370493000581DC0 /* Project object */;
}
